<?xml version="1.0" encoding="utf-8"?>
<Project ToolsVersion="4.0" xmlns="http://schemas.microsoft.com/developer/msbuild/2003">
  <ItemGroup>
    <Filter Include="Source Files">
      <UniqueIdentifier>{4FC737F1-C7A5-4376-A066-2A32D752A2FF}</UniqueIdentifier>
      <Extensions>cpp;c;cc;cxx;def;odl;idl;hpj;bat;asm;asmx</Extensions>
    </Filter>
    <Filter Include="Header Files">
      <UniqueIdentifier>{93995380-89BD-4b04-88EB-625FBE52EBFB}</UniqueIdentifier>
      <Extensions>h;hh;hpp;hxx;hm;inl;inc;ipp;xsd</Extensions>
    </Filter>
    <Filter Include="Resource Files">
      <UniqueIdentifier>{67DA6AB6-F800-4c08-8B7A-83BB121AAD01}</UniqueIdentifier>
      <Extensions>rc;ico;cur;bmp;dlg;rc2;rct;bin;rgs;gif;jpg;jpeg;jpe;resx;tiff;tif;png;wav;mfcribbon-ms</Extensions>
    </Filter>
    <Filter Include="Header Files\Evolutivo">
      <UniqueIdentifier>{13de74ef-1175-48ad-af9d-d38f46c49a2f}</UniqueIdentifier>
    </Filter>
  </ItemGroup>
  <ItemGroup>
    <ClCompile Include="main.cpp">
      <Filter>Source Files</Filter>
    </ClCompile>
    <ClCompile Include="Funcoes.cpp">
      <Filter>Source Files</Filter>
    </ClCompile>
    <ClCompile Include="Grafo.cpp">
      <Filter>Source Files</Filter>
    </ClCompile>
    <ClCompile Include="TrepaColinas.cpp">
      <Filter>Source Files</Filter>
    </ClCompile>
    <ClCompile Include="TrepaColinasV2.cpp">
      <Filter>Source Files</Filter>
    </ClCompile>
    <ClCompile Include="Evolutivo.cpp">
      <Filter>Source Files</Filter>
    </ClCompile>
    <ClCompile Include="Hibrido.cpp">
      <Filter>Source Files</Filter>
    </ClCompile>
    <ClCompile Include="CSVFile.cpp">
      <Filter>Source Files</Filter>
    </ClCompile>
  </ItemGroup>
  <ItemGroup>
    <ClInclude Include="Funcoes.h">
      <Filter>Header Files</Filter>
    </ClInclude>
    <ClInclude Include="Grafo.h">
      <Filter>Header Files</Filter>
    </ClInclude>
    <ClInclude Include="TrepaColinas.h">
      <Filter>Header Files</Filter>
    </ClInclude>
    <ClInclude Include="TrepaColinasV2.h">
      <Filter>Header Files</Filter>
    </ClInclude>
    <ClInclude Include="Evolutivo.h">
      <Filter>Header Files</Filter>
    </ClInclude>
    <ClInclude Include="Info.h">
      <Filter>Header Files\Evolutivo</Filter>
    </ClInclude>
    <ClInclude Include="Individual.h">
      <Filter>Header Files\Evolutivo</Filter>
    </ClInclude>
    <ClInclude Include="Hibrido.h">
      <Filter>Header Files</Filter>
    </ClInclude>
    <ClInclude Include="CSVFile.h">
      <Filter>Header Files</Filter>
    </ClInclude>
  </ItemGroup>
</Project>